
Microsoft Visual Studio Solution File, Format Version 12.00
# Visual Studio Version 17
VisualStudioVersion = 17.11.35327.3
MinimumVisualStudioVersion = 10.0.40219.1
Project("{FAE04EC0-301F-11D3-BF4B-00C04F79EFBC}") = "Tp4", "Tp4\Tp4.csproj", "{3BF9DE48-E185-449A-9DEA-EF0E4BD46711}"
EndProject
Global
	GlobalSection(SolutionConfigurationPlatforms) = preSolution
		Debug|Any CPU = Debug|Any CPU
		Release|Any CPU = Release|Any CPU
	EndGlobalSection
	GlobalSection(ProjectConfigurationPlatforms) = postSolution
		{3BF9DE48-E185-449A-9DEA-EF0E4BD46711}.Debug|Any CPU.ActiveCfg = Debug|Any CPU
		{3BF9DE48-E185-449A-9DEA-EF0E4BD46711}.Debug|Any CPU.Build.0 = Debug|Any CPU
		{3BF9DE48-E185-449A-9DEA-EF0E4BD46711}.Release|Any CPU.ActiveCfg = Release|Any CPU
		{3BF9DE48-E185-449A-9DEA-EF0E4BD46711}.Release|Any CPU.Build.0 = Release|Any CPU
	EndGlobalSection
	GlobalSection(SolutionProperties) = preSolution
		HideSolutionNode = FALSE
	EndGlobalSection
	GlobalSection(ExtensibilityGlobals) = postSolution
		SolutionGuid = {22E7F4DD-1435-4171-AB98-A4F39D2E5001}
	EndGlobalSection
EndGlobal
